
Microsoft Visual Studio Solution File, Format Version 12.00
# Visual Studio 15
VisualStudioVersion = 15.0.27130.2010
MinimumVisualStudioVersion = 10.0.40219.1
Project("{8BC9CEB8-8B4A-11D0-8D11-00A0C91BC942}") = "AtCoder_Beginner_068_A", "AtCoder_Beginner_068_A\AtCoder_Beginner_068_A.vcxproj", "{5DEB3C94-D942-46E3-95B4-C0722E1B3744}"
EndProject
Global
	GlobalSection(SolutionConfigurationPlatforms) = preSolution
		Debug|x64 = Debug|x64
		Debug|x86 = Debug|x86
		Release|x64 = Release|x64
		Release|x86 = Release|x86
	EndGlobalSection
	GlobalSection(ProjectConfigurationPlatforms) = postSolution
		{5DEB3C94-D942-46E3-95B4-C0722E1B3744}.Debug|x64.ActiveCfg = Debug|x64
		{5DEB3C94-D942-46E3-95B4-C0722E1B3744}.Debug|x64.Build.0 = Debug|x64
		{5DEB3C94-D942-46E3-95B4-C0722E1B3744}.Debug|x86.ActiveCfg = Debug|Win32
		{5DEB3C94-D942-46E3-95B4-C0722E1B3744}.Debug|x86.Build.0 = Debug|Win32
		{5DEB3C94-D942-46E3-95B4-C0722E1B3744}.Release|x64.ActiveCfg = Release|x64
		{5DEB3C94-D942-46E3-95B4-C0722E1B3744}.Release|x64.Build.0 = Release|x64
		{5DEB3C94-D942-46E3-95B4-C0722E1B3744}.Release|x86.ActiveCfg = Release|Win32
		{5DEB3C94-D942-46E3-95B4-C0722E1B3744}.Release|x86.Build.0 = Release|Win32
	EndGlobalSection
	GlobalSection(SolutionProperties) = preSolution
		HideSolutionNode = FALSE
	EndGlobalSection
	GlobalSection(ExtensibilityGlobals) = postSolution
		SolutionGuid = {AA0F1078-1E6D-4F82-B6FB-B9E329F7105D}
	EndGlobalSection
EndGlobal
